dependencies:
  bs-platform: 7.2.2
  source-map: 0.7.3
lockfileVersion: 5.1
packages:
  /bs-platform/7.2.2:
    dev: false
    hasBin: true
    requiresBuild: true
    resolution:
      integrity: sha512-PWcFfN+jCTtT/rMaHDhKh+W9RUTpaRunmSF9vbLYcrJbpgCNW6aFKAY33u0P3mLxwuhshN3b4FxqGUBPj6exZQ==
  /source-map/0.7.3:
    dev: false
    engines:
      node: '>= 8'
    resolution:
      integrity: sha512-CkCj6giN3S+n9qrYiBTX5gystlENnRW5jZeNLHpe6aue+SrHcG5VYwujhW9s4dY31mEGsxBDrHR6oI69fTXsaQ==
specifiers:
  bs-platform: ^7.2.2
  source-map: ^0.7.3
